
Microsoft Visual Studio Solution File, Format Version 12.00
# Visual Studio Version 17
VisualStudioVersion = 17.3.32929.385
MinimumVisualStudioVersion = 10.0.40219.1
Project("{FAE04EC0-301F-11D3-BF4B-00C04F79EFBC}") = "prviProjekat(2)", "prviProjekat(2)\prviProjekat(2).csproj", "{ADF00410-5E86-4D57-8251-434F7F0BD76D}"
EndProject
Global
	GlobalSection(SolutionConfigurationPlatforms) = preSolution
		Debug|Any CPU = Debug|Any CPU
		Release|Any CPU = Release|Any CPU
	EndGlobalSection
	GlobalSection(ProjectConfigurationPlatforms) = postSolution
		{ADF00410-5E86-4D57-8251-434F7F0BD76D}.Debug|Any CPU.ActiveCfg = Debug|Any CPU
		{ADF00410-5E86-4D57-8251-434F7F0BD76D}.Debug|Any CPU.Build.0 = Debug|Any CPU
		{ADF00410-5E86-4D57-8251-434F7F0BD76D}.Release|Any CPU.ActiveCfg = Release|Any CPU
		{ADF00410-5E86-4D57-8251-434F7F0BD76D}.Release|Any CPU.Build.0 = Release|Any CPU
	EndGlobalSection
	GlobalSection(SolutionProperties) = preSolution
		HideSolutionNode = FALSE
	EndGlobalSection
	GlobalSection(ExtensibilityGlobals) = postSolution
		SolutionGuid = {D55B3F35-E460-49F7-AE19-E9B638B73E10}
	EndGlobalSection
EndGlobal
